
Microsoft Visual Studio Solution File, Format Version 12.00
# Visual Studio Version 17
VisualStudioVersion = 17.3.32922.545
MinimumVisualStudioVersion = 10.0.40219.1
Project("{FAE04EC0-301F-11D3-BF4B-00C04F79EFBC}") = "ana295", "ana295\ana295.csproj", "{B4BB59A4-EA32-4F0D-A0BF-52990D763294}"
EndProject
Global
	GlobalSection(SolutionConfigurationPlatforms) = preSolution
		Debug|Any CPU = Debug|Any CPU
		Release|Any CPU = Release|Any CPU
	EndGlobalSection
	GlobalSection(ProjectConfigurationPlatforms) = postSolution
		{B4BB59A4-EA32-4F0D-A0BF-52990D763294}.Debug|Any CPU.ActiveCfg = Debug|Any CPU
		{B4BB59A4-EA32-4F0D-A0BF-52990D763294}.Debug|Any CPU.Build.0 = Debug|Any CPU
		{B4BB59A4-EA32-4F0D-A0BF-52990D763294}.Release|Any CPU.ActiveCfg = Release|Any CPU
		{B4BB59A4-EA32-4F0D-A0BF-52990D763294}.Release|Any CPU.Build.0 = Release|Any CPU
	EndGlobalSection
	GlobalSection(SolutionProperties) = preSolution
		HideSolutionNode = FALSE
	EndGlobalSection
	GlobalSection(ExtensibilityGlobals) = postSolution
		SolutionGuid = {0E0D67A4-F4A7-4D9A-912E-3DC6102C5FBB}
	EndGlobalSection
EndGlobal
